{
  "version": "5",
  "specifiers": {
    "jsr:@b-fuze/deno-dom@*": "0.1.56"
  },
  "jsr": {
    "@b-fuze/deno-dom@0.1.56": {
      "integrity": "8030e2dc1d8750f1682b53462ab893d9c3470f2287feecbe22f44a88c54ab148"
    }
  },
  "redirects": {
    "https://esm.sh/agent-base@^7.1.0?target=denonext": "https://esm.sh/agent-base@7.1.4?target=denonext",
    "https://esm.sh/agent-base@^7.1.2?target=denonext": "https://esm.sh/agent-base@7.1.4?target=denonext",
    "https://esm.sh/asynckit@^0.4.0?target=denonext": "https://esm.sh/asynckit@0.4.0?target=denonext",
    "https://esm.sh/bufferutil@^4.0.1?target=denonext": "https://esm.sh/bufferutil@4.0.9?target=denonext",
    "https://esm.sh/build/Release/canvas.node?target=denonext": "https://esm.sh/build@0.1.4/Release/canvas.node?target=denonext",
    "https://esm.sh/canvas@^2.11.2?target=denonext": "https://esm.sh/canvas@2.11.2?target=denonext",
    "https://esm.sh/combined-stream@^1.0.8?target=denonext": "https://esm.sh/combined-stream@1.0.8?target=denonext",
    "https://esm.sh/cssstyle@^3.0.0?target=denonext": "https://esm.sh/cssstyle@3.0.0?target=denonext",
    "https://esm.sh/data-urls@^5.0.0?target=denonext": "https://esm.sh/data-urls@5.0.0?target=denonext",
    "https://esm.sh/debug@4?target=denonext": "https://esm.sh/debug@4.4.3?target=denonext",
    "https://esm.sh/debug@^4.3.4?target=denonext": "https://esm.sh/debug@4.4.3?target=denonext",
    "https://esm.sh/decimal.js@^10.4.3?target=denonext": "https://esm.sh/decimal.js@10.6.0?target=denonext",
    "https://esm.sh/decompress-response@^4.2.0?target=denonext": "https://esm.sh/decompress-response@4.2.1?target=denonext",
    "https://esm.sh/delayed-stream@~1.0.0?target=denonext": "https://esm.sh/delayed-stream@1.0.0?target=denonext",
    "https://esm.sh/entities@^6.0.0/decode?target=denonext": "https://esm.sh/entities@6.0.1/decode?target=denonext",
    "https://esm.sh/entities@^6.0.0/escape?target=denonext": "https://esm.sh/entities@6.0.1/escape?target=denonext",
    "https://esm.sh/form-data@^4.0.0?target=denonext": "https://esm.sh/form-data@4.0.4?target=denonext",
    "https://esm.sh/html-encoding-sniffer@^4.0.0?target=denonext": "https://esm.sh/html-encoding-sniffer@4.0.0?target=denonext",
    "https://esm.sh/http-proxy-agent@^7.0.0?target=denonext": "https://esm.sh/http-proxy-agent@7.0.2?target=denonext",
    "https://esm.sh/https-proxy-agent@^7.0.2?target=denonext": "https://esm.sh/https-proxy-agent@7.0.6?target=denonext",
    "https://esm.sh/is-potential-custom-element-name@^1.0.1?target=denonext": "https://esm.sh/is-potential-custom-element-name@1.0.1?target=denonext",
    "https://esm.sh/mime-types@^2.1.12?target=denonext": "https://esm.sh/mime-types@2.1.35?target=denonext",
    "https://esm.sh/mimic-response@^2.0.0?target=denonext": "https://esm.sh/mimic-response@2.1.0?target=denonext",
    "https://esm.sh/ms@^2.1.3?target=denonext": "https://esm.sh/ms@2.1.3?target=denonext",
    "https://esm.sh/node-gyp-build@^4.3.0?target=denonext": "https://esm.sh/node-gyp-build@4.8.4?target=denonext",
    "https://esm.sh/nwsapi@^2.2.7?target=denonext": "https://esm.sh/nwsapi@2.2.22?target=denonext",
    "https://esm.sh/once@^1.3.1?target=denonext": "https://esm.sh/once@1.4.0?target=denonext",
    "https://esm.sh/parse5@^7.1.2?target=denonext": "https://esm.sh/parse5@7.3.0?target=denonext",
    "https://esm.sh/psl@^1.1.33?target=denonext": "https://esm.sh/psl@1.15.0?target=denonext",
    "https://esm.sh/punycode@^2.1.1?target=denonext": "https://esm.sh/punycode@2.3.1?target=denonext",
    "https://esm.sh/punycode@^2.3.1?target=denonext": "https://esm.sh/punycode@2.3.1?target=denonext",
    "https://esm.sh/querystringify@^2.1.1?target=denonext": "https://esm.sh/querystringify@2.2.0?target=denonext",
    "https://esm.sh/requires-port@^1.0.0?target=denonext": "https://esm.sh/requires-port@1.0.0?target=denonext",
    "https://esm.sh/rrweb-cssom@^0.6.0?target=denonext": "https://esm.sh/rrweb-cssom@0.6.0?target=denonext",
    "https://esm.sh/safer-buffer@^2.1.2?target=denonext": "https://esm.sh/safer-buffer@2.1.2?target=denonext",
    "https://esm.sh/saxes@^6.0.0?target=denonext": "https://esm.sh/saxes@6.0.0?target=denonext",
    "https://esm.sh/simple-concat@^1.0.0?target=denonext": "https://esm.sh/simple-concat@1.0.1?target=denonext",
    "https://esm.sh/simple-get@^3.0.3?target=denonext": "https://esm.sh/simple-get@3.1.1?target=denonext",
    "https://esm.sh/supports-color?target=denonext": "https://esm.sh/supports-color@10.2.2?target=denonext",
    "https://esm.sh/symbol-tree@^3.2.4?target=denonext": "https://esm.sh/symbol-tree@3.2.4?target=denonext",
    "https://esm.sh/tough-cookie@^4.1.3?target=denonext": "https://esm.sh/tough-cookie@4.1.4?target=denonext",
    "https://esm.sh/tr46@^5.1.0?target=denonext": "https://esm.sh/tr46@5.1.1?target=denonext",
    "https://esm.sh/universalify@^0.2.0?target=denonext": "https://esm.sh/universalify@0.2.0?target=denonext",
    "https://esm.sh/url-parse@^1.5.3?target=denonext": "https://esm.sh/url-parse@1.5.10?target=denonext",
    "https://esm.sh/utf-8-validate@%3E=5.0.2?target=denonext": "https://esm.sh/utf-8-validate@6.0.5?target=denonext",
    "https://esm.sh/w3c-xmlserializer@^5.0.0?target=denonext": "https://esm.sh/w3c-xmlserializer@5.0.0?target=denonext",
    "https://esm.sh/webidl-conversions@^7.0.0?target=denonext": "https://esm.sh/webidl-conversions@7.0.0?target=denonext",
    "https://esm.sh/whatwg-encoding@^3.1.1?target=denonext": "https://esm.sh/whatwg-encoding@3.1.1?target=denonext",
    "https://esm.sh/whatwg-mimetype@^4.0.0?target=denonext": "https://esm.sh/whatwg-mimetype@4.0.0?target=denonext",
    "https://esm.sh/whatwg-url@^14.0.0/webidl2js-wrapper?target=denonext": "https://esm.sh/whatwg-url@14.2.0/webidl2js-wrapper?target=denonext",
    "https://esm.sh/whatwg-url@^14.0.0?target=denonext": "https://esm.sh/whatwg-url@14.2.0?target=denonext",
    "https://esm.sh/wrappy@1?target=denonext": "https://esm.sh/wrappy@1.0.2?target=denonext",
    "https://esm.sh/ws@^8.14.2?target=denonext": "https://esm.sh/ws@8.18.3?target=denonext",
    "https://esm.sh/xml-name-validator@^5.0.0?target=denonext": "https://esm.sh/xml-name-validator@5.0.0?target=denonext",
    "https://esm.sh/xmlchars@^2.2.0/xml/1.0/ed5?target=denonext": "https://esm.sh/xmlchars@2.2.0/xml/1.0/ed5?target=denonext",
    "https://esm.sh/xmlchars@^2.2.0/xml/1.1/ed2?target=denonext": "https://esm.sh/xmlchars@2.2.0/xml/1.1/ed2?target=denonext",
    "https://esm.sh/xmlchars@^2.2.0/xmlns/1.0/ed3?target=denonext": "https://esm.sh/xmlchars@2.2.0/xmlns/1.0/ed3?target=denonext"
  },
  "remote": {
    "https://deno.land/std@0.208.0/async/delay.ts": "a6142eb44cdd856b645086af2b811b1fcce08ec06bb7d50969e6a872ee9b8659",
    "https://deno.land/std@0.208.0/http/server.ts": "f3cde6672e631d3e00785743cfa96bfed275618c0352c5ae84abbe5a2e0e4afc",
    "https://deno.land/std@0.214.0/assert/assert.ts": "bec068b2fccdd434c138a555b19a2c2393b71dfaada02b7d568a01541e67cdc5",
    "https://deno.land/std@0.214.0/assert/assertion_error.ts": "9f689a101ee586c4ce92f52fa7ddd362e86434ffdf1f848e45987dc7689976b8",
    "https://deno.land/std@0.214.0/async/delay.ts": "8e1d18fe8b28ff95885e2bc54eccec1713f57f756053576d8228e6ca110793ad",
    "https://deno.land/std@0.214.0/bytes/copy.ts": "f29c03168853720dfe82eaa57793d0b9e3543ebfe5306684182f0f1e3bfd422a",
    "https://deno.land/std@0.214.0/crypto/_fnv/fnv32.ts": "ba2c5ef976b9f047d7ce2d33dfe18671afc75154bcf20ef89d932b2fe8820535",
    "https://deno.land/std@0.214.0/crypto/_fnv/fnv64.ts": "580cadfe2ff333fe253d15df450f927c8ac7e408b704547be26aab41b5772558",
    "https://deno.land/std@0.214.0/crypto/_fnv/mod.ts": "8dbb60f062a6e77b82f7a62ac11fabfba52c3cd408c21916b130d8f57a880f96",
    "https://deno.land/std@0.214.0/crypto/_fnv/util.ts": "27b36ce3440d0a180af6bf1cfc2c326f68823288540a354dc1d636b781b9b75f",
    "https://deno.land/std@0.214.0/crypto/_wasm/lib/deno_std_wasm_crypto.generated.mjs": "76c727912539737def4549bb62a96897f37eb334b979f49c57b8af7a1617635e",
    "https://deno.land/std@0.214.0/crypto/_wasm/mod.ts": "c55f91473846827f077dfd7e5fc6e2726dee5003b6a5747610707cdc638a22ba",
    "https://deno.land/std@0.214.0/crypto/crypto.ts": "4448f8461c797adba8d70a2c60f7795a546d7a0926e96366391bffdd06491c16",
    "https://deno.land/std@0.214.0/datetime/_common.ts": "a62214c1924766e008e27d3d843ceba4b545dc2aa9880de0ecdef9966d5736b6",
    "https://deno.land/std@0.214.0/datetime/parse.ts": "bb248bbcb3cd54bcaf504a1ee670fc4695e429d9019c06af954bbe2bcb8f1d02",
    "https://deno.land/std@0.214.0/encoding/_util.ts": "beacef316c1255da9bc8e95afb1fa56ed69baef919c88dc06ae6cb7a6103d376",
    "https://deno.land/std@0.214.0/encoding/base64.ts": "96e61a556d933201266fea84ae500453293f2aff130057b579baafda096a96bc",
    "https://deno.land/std@0.214.0/encoding/hex.ts": "4d47d3b25103cf81a2ed38f54b394d39a77b63338e1eaa04b70c614cb45ec2e6",
    "https://deno.land/std@0.214.0/fmt/colors.ts": "aeaee795471b56fc62a3cb2e174ed33e91551b535f44677f6320336aabb54fbb",
    "https://deno.land/std@0.214.0/io/buf_reader.ts": "c73aad99491ee6db3d6b001fa4a780e9245c67b9296f5bad9c0fa7384e35d47a",
    "https://deno.land/std@0.214.0/io/buf_writer.ts": "f82f640c8b3a820f600a8da429ad0537037c7d6a78426bbca2396fb1f75d3ef4",
    "https://deno.land/std@0.214.0/io/types.ts": "748bbb3ac96abda03594ef5a0db15ce5450dcc6c0d841c8906f8b10ac8d32c96",
    "https://deno.land/std@0.214.0/path/_common/assert_path.ts": "2ca275f36ac1788b2acb60fb2b79cb06027198bc2ba6fb7e163efaedde98c297",
    "https://deno.land/std@0.214.0/path/_common/basename.ts": "569744855bc8445f3a56087fd2aed56bdad39da971a8d92b138c9913aecc5fa2",
    "https://deno.land/std@0.214.0/path/_common/common.ts": "6157c7ec1f4db2b4a9a187efd6ce76dcaf1e61cfd49f87e40d4ea102818df031",
    "https://deno.land/std@0.214.0/path/_common/constants.ts": "dc5f8057159f4b48cd304eb3027e42f1148cf4df1fb4240774d3492b5d12ac0c",
    "https://deno.land/std@0.214.0/path/_common/dirname.ts": "684df4aa71a04bbcc346c692c8485594fc8a90b9408dfbc26ff32cf3e0c98cc8",
    "https://deno.land/std@0.214.0/path/_common/format.ts": "92500e91ea5de21c97f5fe91e178bae62af524b72d5fcd246d6d60ae4bcada8b",
    "https://deno.land/std@0.214.0/path/_common/from_file_url.ts": "d672bdeebc11bf80e99bf266f886c70963107bdd31134c4e249eef51133ceccf",
    "https://deno.land/std@0.214.0/path/_common/glob_to_reg_exp.ts": "2007aa87bed6eb2c8ae8381adcc3125027543d9ec347713c1ad2c68427330770",
    "https://deno.land/std@0.214.0/path/_common/normalize.ts": "684df4aa71a04bbcc346c692c8485594fc8a90b9408dfbc26ff32cf3e0c98cc8",
    "https://deno.land/std@0.214.0/path/_common/normalize_string.ts": "dfdf657a1b1a7db7999f7c575ee7e6b0551d9c20f19486c6c3f5ff428384c965",
    "https://deno.land/std@0.214.0/path/_common/relative.ts": "faa2753d9b32320ed4ada0733261e3357c186e5705678d9dd08b97527deae607",
    "https://deno.land/std@0.214.0/path/_common/strip_trailing_separators.ts": "7024a93447efcdcfeaa9339a98fa63ef9d53de363f1fbe9858970f1bba02655a",
    "https://deno.land/std@0.214.0/path/_common/to_file_url.ts": "7f76adbc83ece1bba173e6e98a27c647712cab773d3f8cbe0398b74afc817883",
    "https://deno.land/std@0.214.0/path/_interface.ts": "a1419fcf45c0ceb8acdccc94394e3e94f99e18cfd32d509aab514c8841799600",
    "https://deno.land/std@0.214.0/path/_os.ts": "8fb9b90fb6b753bd8c77cfd8a33c2ff6c5f5bc185f50de8ca4ac6a05710b2c15",
    "https://deno.land/std@0.214.0/path/basename.ts": "5d341aadb7ada266e2280561692c165771d071c98746fcb66da928870cd47668",
    "https://deno.land/std@0.214.0/path/common.ts": "03e52e22882402c986fe97ca3b5bb4263c2aa811c515ce84584b23bac4cc2643",
    "https://deno.land/std@0.214.0/path/constants.ts": "0c206169ca104938ede9da48ac952de288f23343304a1c3cb6ec7625e7325f36",
    "https://deno.land/std@0.214.0/path/dirname.ts": "85bd955bf31d62c9aafdd7ff561c4b5fb587d11a9a5a45e2b01aedffa4238a7c",
    "https://deno.land/std@0.214.0/path/extname.ts": "593303db8ae8c865cbd9ceec6e55d4b9ac5410c1e276bfd3131916591b954441",
    "https://deno.land/std@0.214.0/path/format.ts": "98fad25f1af7b96a48efb5b67378fcc8ed77be895df8b9c733b86411632162af",
    "https://deno.land/std@0.214.0/path/from_file_url.ts": "911833ae4fd10a1c84f6271f36151ab785955849117dc48c6e43b929504ee069",
    "https://deno.land/std@0.214.0/path/glob_to_regexp.ts": "83c5fd36a8c86f5e72df9d0f45317f9546afa2ce39acaafe079d43a865aced08",
    "https://deno.land/std@0.214.0/path/is_absolute.ts": "4791afc8bfd0c87f0526eaa616b0d16e7b3ab6a65b62942e50eac68de4ef67d7",
    "https://deno.land/std@0.214.0/path/is_glob.ts": "a65f6195d3058c3050ab905705891b412ff942a292bcbaa1a807a74439a14141",
    "https://deno.land/std@0.214.0/path/join.ts": "ae2ec5ca44c7e84a235fd532e4a0116bfb1f2368b394db1c4fb75e3c0f26a33a",
    "https://deno.land/std@0.214.0/path/join_globs.ts": "e9589869a33dc3982101898ee50903db918ca00ad2614dbe3934d597d7b1fbea",
    "https://deno.land/std@0.214.0/path/mod.ts": "ffeaccb713dbe6c72e015b7c767f753f8ec5fbc3b621ff5eeee486ffc2c0ddda",
    "https://deno.land/std@0.214.0/path/normalize.ts": "4155743ccceeed319b350c1e62e931600272fad8ad00c417b91df093867a8352",
    "https://deno.land/std@0.214.0/path/normalize_glob.ts": "98ee8268fad271193603271c203ae973280b5abfbdd2cbca1053fd2af71869ca",
    "https://deno.land/std@0.214.0/path/parse.ts": "65e8e285f1a63b714e19ef24b68f56e76934c3df0b6e65fd440d3991f4f8aefb",
    "https://deno.land/std@0.214.0/path/posix/_util.ts": "1e3937da30f080bfc99fe45d7ed23c47dd8585c5e473b2d771380d3a6937cf9d",
    "https://deno.land/std@0.214.0/path/posix/basename.ts": "39ee27a29f1f35935d3603ccf01d53f3d6e0c5d4d0f84421e65bd1afeff42843",
    "https://deno.land/std@0.214.0/path/posix/common.ts": "26f60ccc8b2cac3e1613000c23ac5a7d392715d479e5be413473a37903a2b5d4",
    "https://deno.land/std@0.214.0/path/posix/constants.ts": "93481efb98cdffa4c719c22a0182b994e5a6aed3047e1962f6c2c75b7592bef1",
    "https://deno.land/std@0.214.0/path/posix/dirname.ts": "6535d2bdd566118963537b9dda8867ba9e2a361015540dc91f5afbb65c0cce8b",
    "https://deno.land/std@0.214.0/path/posix/extname.ts": "8d36ae0082063c5e1191639699e6f77d3acf501600a3d87b74943f0ae5327427",
    "https://deno.land/std@0.214.0/path/posix/format.ts": "185e9ee2091a42dd39e2a3b8e4925370ee8407572cee1ae52838aed96310c5c1",
    "https://deno.land/std@0.214.0/path/posix/from_file_url.ts": "951aee3a2c46fd0ed488899d024c6352b59154c70552e90885ed0c2ab699bc40",
    "https://deno.land/std@0.214.0/path/posix/glob_to_regexp.ts": "54d3ff40f309e3732ab6e5b19d7111d2d415248bcd35b67a99defcbc1972e697",
    "https://deno.land/std@0.214.0/path/posix/is_absolute.ts": "cebe561ad0ae294f0ce0365a1879dcfca8abd872821519b4fcc8d8967f888ede",
    "https://deno.land/std@0.214.0/path/posix/is_glob.ts": "8a8b08c08bf731acf2c1232218f1f45a11131bc01de81e5f803450a5914434b9",
    "https://deno.land/std@0.214.0/path/posix/join.ts": "aef88d5fa3650f7516730865dbb951594d1a955b785e2450dbee93b8e32694f3",
    "https://deno.land/std@0.214.0/path/posix/join_globs.ts": "ee2f4676c5b8a0dfa519da58b8ade4d1c4aa8dd3fe35619edec883ae9df1f8c9",
    "https://deno.land/std@0.214.0/path/posix/mod.ts": "563a18c2b3ddc62f3e4a324ff0f583e819b8602a72ad880cb98c9e2e34f8db5b",
    "https://deno.land/std@0.214.0/path/posix/normalize.ts": "baeb49816a8299f90a0237d214cef46f00ba3e95c0d2ceb74205a6a584b58a91",
    "https://deno.land/std@0.214.0/path/posix/normalize_glob.ts": "65f0138fa518ef9ece354f32889783fc38cdf985fb02dcf1c3b14fa47d665640",
    "https://deno.land/std@0.214.0/path/posix/parse.ts": "d5bac4eb21262ab168eead7e2196cb862940c84cee572eafedd12a0d34adc8fb",
    "https://deno.land/std@0.214.0/path/posix/relative.ts": "3907d6eda41f0ff723d336125a1ad4349112cd4d48f693859980314d5b9da31c",
    "https://deno.land/std@0.214.0/path/posix/resolve.ts": "bac20d9921beebbbb2b73706683b518b1d0c1b1da514140cee409e90d6b2913a",
    "https://deno.land/std@0.214.0/path/posix/separator.ts": "c9ecae5c843170118156ac5d12dc53e9caf6a1a4c96fc8b1a0ab02dff5c847b0",
    "https://deno.land/std@0.214.0/path/posix/to_file_url.ts": "7aa752ba66a35049e0e4a4be5a0a31ac6b645257d2e031142abb1854de250aaf",
    "https://deno.land/std@0.214.0/path/posix/to_namespaced_path.ts": "28b216b3c76f892a4dca9734ff1cc0045d135532bfd9c435ae4858bfa5a2ebf0",
    "https://deno.land/std@0.214.0/path/relative.ts": "ab739d727180ed8727e34ed71d976912461d98e2b76de3d3de834c1066667add",
    "https://deno.land/std@0.214.0/path/resolve.ts": "a6f977bdb4272e79d8d0ed4333e3d71367cc3926acf15ac271f1d059c8494d8d",
    "https://deno.land/std@0.214.0/path/separator.ts": "c6c890507f944a1f5cb7d53b8d638d6ce3cf0f34609c8d84a10c1eaa400b77a9",
    "https://deno.land/std@0.214.0/path/to_file_url.ts": "88f049b769bce411e2d2db5bd9e6fd9a185a5fbd6b9f5ad8f52bef517c4ece1b",
    "https://deno.land/std@0.214.0/path/to_namespaced_path.ts": "b706a4103b104cfadc09600a5f838c2ba94dbcdb642344557122dda444526e40",
    "https://deno.land/std@0.214.0/path/windows/_util.ts": "d5f47363e5293fced22c984550d5e70e98e266cc3f31769e1710511803d04808",
    "https://deno.land/std@0.214.0/path/windows/basename.ts": "e2dbf31d1d6385bfab1ce38c333aa290b6d7ae9e0ecb8234a654e583cf22f8fe",
    "https://deno.land/std@0.214.0/path/windows/common.ts": "26f60ccc8b2cac3e1613000c23ac5a7d392715d479e5be413473a37903a2b5d4",
    "https://deno.land/std@0.214.0/path/windows/constants.ts": "5afaac0a1f67b68b0a380a4ef391bf59feb55856aa8c60dfc01bd3b6abb813f5",
    "https://deno.land/std@0.214.0/path/windows/dirname.ts": "33e421be5a5558a1346a48e74c330b8e560be7424ed7684ea03c12c21b627bc9",
    "https://deno.land/std@0.214.0/path/windows/extname.ts": "165a61b00d781257fda1e9606a48c78b06815385e7d703232548dbfc95346bef",
    "https://deno.land/std@0.214.0/path/windows/format.ts": "bbb5ecf379305b472b1082cd2fdc010e44a0020030414974d6029be9ad52aeb6",
    "https://deno.land/std@0.214.0/path/windows/from_file_url.ts": "ced2d587b6dff18f963f269d745c4a599cf82b0c4007356bd957cb4cb52efc01",
    "https://deno.land/std@0.214.0/path/windows/glob_to_regexp.ts": "6dcd1242bd8907aa9660cbdd7c93446e6927b201112b0cba37ca5d80f81be51b",
    "https://deno.land/std@0.214.0/path/windows/is_absolute.ts": "4a8f6853f8598cf91a835f41abed42112cebab09478b072e4beb00ec81f8ca8a",
    "https://deno.land/std@0.214.0/path/windows/is_glob.ts": "8a8b08c08bf731acf2c1232218f1f45a11131bc01de81e5f803450a5914434b9",
    "https://deno.land/std@0.214.0/path/windows/join.ts": "e0b3356615c1a75c56ebb6a7311157911659e11fd533d80d724800126b761ac3",
    "https://deno.land/std@0.214.0/path/windows/join_globs.ts": "ee2f4676c5b8a0dfa519da58b8ade4d1c4aa8dd3fe35619edec883ae9df1f8c9",
    "https://deno.land/std@0.214.0/path/windows/mod.ts": "7d6062927bda47c47847ffb55d8f1a37b0383840aee5c7dfc93984005819689c",
    "https://deno.land/std@0.214.0/path/windows/normalize.ts": "78126170ab917f0ca355a9af9e65ad6bfa5be14d574c5fb09bb1920f52577780",
    "https://deno.land/std@0.214.0/path/windows/normalize_glob.ts": "179c86ba89f4d3fe283d2addbe0607341f79ee9b1ae663abcfb3439db2e97810",
    "https://deno.land/std@0.214.0/path/windows/parse.ts": "b9239edd892a06a06625c1b58425e199f018ce5649ace024d144495c984da734",
    "https://deno.land/std@0.214.0/path/windows/relative.ts": "3e1abc7977ee6cc0db2730d1f9cb38be87b0ce4806759d271a70e4997fc638d7",
    "https://deno.land/std@0.214.0/path/windows/resolve.ts": "75b2e3e1238d840782cee3d8864d82bfaa593c7af8b22f19c6422cf82f330ab3",
    "https://deno.land/std@0.214.0/path/windows/separator.ts": "e51c5522140eff4f8402617c5c68a201fdfa3a1a8b28dc23587cff931b665e43",
    "https://deno.land/std@0.214.0/path/windows/to_file_url.ts": "1cd63fd35ec8d1370feaa4752eccc4cc05ea5362a878be8dc7db733650995484",
    "https://deno.land/std@0.214.0/path/windows/to_namespaced_path.ts": "4ffa4fb6fae321448d5fe810b3ca741d84df4d7897e61ee29be961a6aac89a4c",
    "https://deno.land/x/postgres@v0.19.3/client.ts": "d141c65c20484c545a1119c9af7a52dcc24f75c1a5633de2b9617b0f4b2ed5c1",
    "https://deno.land/x/postgres@v0.19.3/client/error.ts": "05b0e35d65caf0ba21f7f6fab28c0811da83cd8b4897995a2f411c2c83391036",
    "https://deno.land/x/postgres@v0.19.3/connection/auth.ts": "db15c1659742ef4d2791b32834950278dc7a40cb931f8e434e6569298e58df51",
    "https://deno.land/x/postgres@v0.19.3/connection/connection.ts": "198a0ecf92a0d2aa72db3bb88b8f412d3b1f6b87d464d5f7bff9aa3b6aff8370",
    "https://deno.land/x/postgres@v0.19.3/connection/connection_params.ts": "463d7a9ed559f537a55d6928cab62e1c31b808d08cd0411b6ae461d0c0183c93",
    "https://deno.land/x/postgres@v0.19.3/connection/message.ts": "20da5d80fc4d7ddb7b850083e0b3fa8734eb26642221dad89c62e27d78e57a4d",
    "https://deno.land/x/postgres@v0.19.3/connection/message_code.ts": "12bcb110df6945152f9f6c63128786558d7ad1e61006920daaa16ef85b3bab7d",
    "https://deno.land/x/postgres@v0.19.3/connection/packet.ts": "050aeff1fc13c9349e89451a155ffcd0b1343dc313a51f84439e3e45f64b56c8",
    "https://deno.land/x/postgres@v0.19.3/connection/scram.ts": "532d4d58b565a2ab48fb5e1e14dc9bfb3bb283d535011e371e698eb4a89dd994",
    "https://deno.land/x/postgres@v0.19.3/debug.ts": "8add17699191f11e6830b8c95d9de25857d221bb2cf6c4ae22254d395895c1f9",
    "https://deno.land/x/postgres@v0.19.3/deps.ts": "c312038fe64b8368f8a294119f11d8f235fe67de84d7c3b0ef67b3a56628171a",
    "https://deno.land/x/postgres@v0.19.3/mod.ts": "4930c7b44f8d16ea71026f7e3ef22a2322d84655edceacd55f7461a9218d8560",
    "https://deno.land/x/postgres@v0.19.3/pool.ts": "2289f029e7a3bd3d460d4faa71399a920b7406c92a97c0715d6e31dbf1380ec3",
    "https://deno.land/x/postgres@v0.19.3/query/array_parser.ts": "ff72d3e026e3022a1a223a6530be5663f8ebbd911ed978291314e7fe6c2f2464",
    "https://deno.land/x/postgres@v0.19.3/query/decode.ts": "3e89ad2a662eab66a4f4e195ff0924d71d199af3c2f5637d1ae650301a03fa9b",
    "https://deno.land/x/postgres@v0.19.3/query/decoders.ts": "6a73da1024086ab91e233648c850dccbde59248b90d87054bbbd7f0bf4a50681",
    "https://deno.land/x/postgres@v0.19.3/query/encode.ts": "5b1c305bc7352a6f9fe37f235dddfc23e26419c77a133b4eaea42cf136481aa6",
    "https://deno.land/x/postgres@v0.19.3/query/oid.ts": "21fc714ac212350ba7df496f88ea9e01a4ee0458911d0f2b6a81498e12e7af4c",
    "https://deno.land/x/postgres@v0.19.3/query/query.ts": "510f9a27da87ed7b31b5cbcd14bf3028b441ac2ddc368483679d0b86a9d9f213",
    "https://deno.land/x/postgres@v0.19.3/query/transaction.ts": "8f4eef68f8e9b4be216199404315e6e08fe1fe98afb2e640bffd077662f79678",
    "https://deno.land/x/postgres@v0.19.3/query/types.ts": "540f6f973d493d63f2c0059a09f3368071f57931bba68bea408a635a3e0565d6",
    "https://deno.land/x/postgres@v0.19.3/utils/deferred.ts": "5420531adb6c3ea29ca8aac57b9b59bd3e4b9a938a4996bbd0947a858f611080",
    "https://deno.land/x/postgres@v0.19.3/utils/utils.ts": "ca47193ea03ff5b585e487a06f106d367e509263a960b787197ce0c03113a738",
    "https://esm.sh/@kurkle/color@0.3.4/es2022/color.mjs": "38c242a4379368af5ba7eeb039ec0b363f19c6bf10125c41cbbeca4e434712b7",
    "https://esm.sh/@kurkle/color@^0.3.0?target=es2022": "cf4afe2b61b2d287dec4e1999108eb06f3228900cc4afbfbeb73e5970a00a70b",
    "https://esm.sh/agent-base@7.1.4/denonext/agent-base.mjs": "946861146cac434717ababac2bec4bc54265e65c6836ed13824ea7038156ad0b",
    "https://esm.sh/agent-base@7.1.4?target=denonext": "b31574e95ddac2824849158d58de6142f36a95e344660dcf3c75e0596adc9801",
    "https://esm.sh/asynckit@0.4.0/denonext/asynckit.mjs": "4ef3be6eb52c104699b90ca5524db55ec15bc76b361432f05c16b6106279ba72",
    "https://esm.sh/asynckit@0.4.0?target=denonext": "c6bd8832d6d16b648e22d124a16d33c3a7f7076e92be9444f2e4f6b27545708d",
    "https://esm.sh/bufferutil@4.0.9/denonext/bufferutil.mjs": "13dca4d5bb2c68cbe119f880fa3bd785b9a81a8e02e0834dae604b4b85295cd8",
    "https://esm.sh/bufferutil@4.0.9?target=denonext": "e32574569ab438facfcc3f412c659b0719bbf05477136ca176938c9a3ac45125",
    "https://esm.sh/canvas@2.11.2/denonext/canvas.mjs": "879031e4c59d25717643c57e2e6425d7edb8d60b00ffd564bc4d286b6ad61e17",
    "https://esm.sh/canvas@2.11.2?target=denonext": "1e6062e7ab6f52cb29d127e15ec6b34658279bb190b56de44a83fff5aac8379a",
    "https://esm.sh/chart.js": "d79424954792d1f5c93e84740c75ab17dace83f07629f17bc06c3349198f45b9",
    "https://esm.sh/chart.js@4.5.0/es2022/chart.mjs": "4707375910dbbf87a7e9ddd631c8bb3b66ac0a8265840da2b2baabd28ace896c",
    "https://esm.sh/chart.js@4.5.0/es2022/dist/chunks/helpers.dataset.mjs": "c5e5e5fdac75f5e4fa6e96f7d362004fffc16e669099012bf668a51531bf1cf0",
    "https://esm.sh/combined-stream@1.0.8/denonext/combined-stream.mjs": "364b91aa4c33e5f0b4075949d93a3407b21a8695031e7c2be29999d588f9ca2c",
    "https://esm.sh/combined-stream@1.0.8?target=denonext": "a0c89b8b29494e966774c7a708e33cc2df16a0bbe2279c841d088e169e7ab3c4",
    "https://esm.sh/cssstyle@3.0.0/denonext/cssstyle.mjs": "e35f3393cea59ecbae13393ce547bcd41663f379017a5c367b22432df6e2f10a",
    "https://esm.sh/cssstyle@3.0.0?target=denonext": "fe4435fd08c5ee9168cf7b0fd1f735a4b4bcdfc386020e1a64ee80d7acd51d83",
    "https://esm.sh/data-urls@5.0.0/denonext/data-urls.mjs": "25b6809e8f13037adaa1426a551c35e41a4edaeb60bf449774f95a6548d7e7cc",
    "https://esm.sh/data-urls@5.0.0?target=denonext": "9c793f0b7495861bb9721fe6956a441328c93c70e0159e2aba56fd54385cadf4",
    "https://esm.sh/debug@4.4.3/denonext/debug.mjs": "fc4bb8fd2502bf87537c57f5c7c3213eb0258040361828a03970ba7d0933c516",
    "https://esm.sh/debug@4.4.3?target=denonext": "9df8b8806c13297f96185899110f8146b8b0c7944847c8392cbfb4e730a634dd",
    "https://esm.sh/decimal.js@10.6.0/denonext/decimal.mjs": "6b826e59480ea004462b2c1bb0d13c606a666fdb2ffe58026ea5c85c390c87ee",
    "https://esm.sh/decimal.js@10.6.0?target=denonext": "208d405529a515467f200d440b28dd77bf3f61f1a12ec0b508ec0784afc828ff",
    "https://esm.sh/decompress-response@4.2.1/denonext/decompress-response.mjs": "80d71ceaa7baf7bb4b4cd038dda4038ce5c424c1f40794e316578de1c63422b1",
    "https://esm.sh/decompress-response@4.2.1?target=denonext": "c606d6c524b9dfca4a3c779a43ecaf138bbf732b715fdff89c10a27a18c9b2f2",
    "https://esm.sh/delayed-stream@1.0.0/denonext/delayed-stream.mjs": "051a3501b7b3d3c593b78a2c7305093a8e363c518cd156f1a77117185e312abe",
    "https://esm.sh/delayed-stream@1.0.0?target=denonext": "d363b81e01f4c886114df14aa660c1a938bbb4be851ff12132260bed0db6126e",
    "https://esm.sh/entities@6.0.1/decode?target=denonext": "3ccc9b5e285ac182223bec6c9e053ff17814f4d27a31b8abafe35d3b684faaa7",
    "https://esm.sh/entities@6.0.1/denonext/decode.mjs": "0e11dc867c49cd73eaa3de858276b02727bf6a3e1e5a84be72722cba08697b7d",
    "https://esm.sh/entities@6.0.1/denonext/escape.mjs": "f23f7faf0499133a54a93a5dc4276f08793b2bb36b539b1bacddcc3b1e746aca",
    "https://esm.sh/entities@6.0.1/escape?target=denonext": "c3df42c65816226666e5a0560e68e3c058a184684488a26b3dedce05eaa329e2",
    "https://esm.sh/form-data@4.0.4/denonext/form-data.mjs": "d3c67b7f6274bf1ed286037a245a05db0f10a99fbc3fb01ea03cb364be0b0531",
    "https://esm.sh/form-data@4.0.4?target=denonext": "28109a5e785dcbc01475380de1abc1f50572221a537311078c724324347e0541",
    "https://esm.sh/gsap@3.12.5": "e5b5af26377fbac0ac0bfd23d077c713efb2bbb80f76d5b5e2b0c8e07b00bca3",
    "https://esm.sh/gsap@3.12.5/denonext/gsap.mjs": "bb746599ba9eca2e338ccf0234da0a35c0cf1fc6f175dbfa4b466bc604e8b8ca",
    "https://esm.sh/html-encoding-sniffer@4.0.0/denonext/html-encoding-sniffer.mjs": "7ddb6dc2201652cb21f0ef05cf26123e73fada571849ac98bd9c7f005c3f4f31",
    "https://esm.sh/html-encoding-sniffer@4.0.0?target=denonext": "d096f813febda0c56a0c54fa5aa1989383fe1923c94150e5b4cdcfa02187f301",
    "https://esm.sh/http-proxy-agent@7.0.2/denonext/http-proxy-agent.mjs": "1556b1f1ed4065b42820b9557da226cef428a34529593982ab0dda56b9cee3cf",
    "https://esm.sh/http-proxy-agent@7.0.2?target=denonext": "1c3557e656d2df5ab36e25c827cf0ec6f12502fb3273def69c0fde08c84b22d4",
    "https://esm.sh/https-proxy-agent@7.0.6/denonext/https-proxy-agent.mjs": "37b0793e160738a4ae695ea567218fb5ad39c458c33ebd5857f06deb3605ffec",
    "https://esm.sh/https-proxy-agent@7.0.6?target=denonext": "cd42ba7e40cb2f053a2151f66585c0c338818807c0d7208e23a8302c15659b23",
    "https://esm.sh/iconv-lite@0.6.3/denonext/iconv-lite.mjs": "58314c9a1d16db741c1edb519849067c19f931ea0331a2e3ad5c02b1dcf2f82a",
    "https://esm.sh/is-potential-custom-element-name@1.0.1/denonext/is-potential-custom-element-name.mjs": "ced6030c333d173179c2a00a27397f71ed68725be65e78be74f2c6c61dea18cd",
    "https://esm.sh/is-potential-custom-element-name@1.0.1?target=denonext": "78374c1d74ce1440683f94d22341ba09b796b2a86ece0ab387708b66fbd007ce",
    "https://esm.sh/jsdom@23.0.1": "7c67f508ed3de1a4d84dfdd2325185ece4c74eee3cb7296c0beede3fb7fb5c4c",
    "https://esm.sh/jsdom@23.0.1/denonext/jsdom.mjs": "17e1a118d6cec09c5c62e419b9174ab67c737aa2e575f90dcc5e94e767bc58f7",
    "https://esm.sh/mime-db@1.52.0/denonext/mime-db.mjs": "f93feb3d7150014b71bd0d06c5bd819db56a089b31b8b79a3b0466bb37ef005e",
    "https://esm.sh/mime-types@2.1.35/denonext/mime-types.mjs": "704bdb318816fe1360c90a196f7cb3ba6e25fe207707cc2df873f890ad2e5f44",
    "https://esm.sh/mime-types@2.1.35?target=denonext": "e4cc9a1aabecc1be22d194375ec3b99cc9d51700cc4629ab689975451c0a8ce5",
    "https://esm.sh/mimic-response@2.1.0/denonext/mimic-response.mjs": "8db707533eeb9bf305d5cace70431a06a374484fe41a5200705b415326f8b110",
    "https://esm.sh/mimic-response@2.1.0?target=denonext": "0d77c3c46e9ea9db7877f46a80ed2f098e4a710a68b4901f4edaed7ce4a5f79e",
    "https://esm.sh/ms@2.1.3/denonext/ms.mjs": "9039464da1f4ae1c2042742d335c82556c048bbe49449b5d0cd5198193afa147",
    "https://esm.sh/ms@2.1.3?target=denonext": "36f5aa7503ff0ff44ce9e3155a60362d8d3ae5db8db048be5764a3a515b6a263",
    "https://esm.sh/node-gyp-build@4.8.4/denonext/node-gyp-build.mjs": "9a86f2d044fc77bd60aaa3d697c2ba1b818da5fb1b9aaeedec59a40b8e908803",
    "https://esm.sh/node-gyp-build@4.8.4?target=denonext": "261a6cedf1fdbf159798141ba1e2311ac1510682c5c8b55dacc8cf5fdee4aa06",
    "https://esm.sh/nwsapi@2.2.22/denonext/nwsapi.mjs": "a127c469c81e7bd9fa7fac9c76a6d14176d0cd9feceb9a237b0df9fe324f4396",
    "https://esm.sh/nwsapi@2.2.22?target=denonext": "3945757b94dd2343180deed4e385a546b78dbf63f1a35442bab6037b062107ce",
    "https://esm.sh/once@1.4.0/denonext/once.mjs": "cb2ad3a1bf30d4a2400ad6f8477c36fcee3538a95729e6bf071a8446dd69fbea",
    "https://esm.sh/once@1.4.0?target=denonext": "76b137ba41d1f2fb149bfcad1d01565884edf385635622611ce3d9fc8b8b54ce",
    "https://esm.sh/parse5@7.3.0/denonext/parse5.mjs": "39564d89f13b5d701ac8f869caea8660ada421fcd19ef2234adfd935cf7cf27e",
    "https://esm.sh/parse5@7.3.0?target=denonext": "898a8cf4c02510b1cd0f90c9dffdfe9229f31f2dec425310da4404d472137f2e",
    "https://esm.sh/psl@1.15.0/denonext/psl.mjs": "098feead55f7c9e049ac48a67cc7dac29283670880519fd7d9dfcdf589fec094",
    "https://esm.sh/psl@1.15.0?target=denonext": "60952f0526f57f553ec70f64fcec5986911036e97c8ec5a3023f7ab9389d2754",
    "https://esm.sh/punycode@2.3.1/denonext/punycode.mjs": "5d108000c361561f4ddedc3f201df2a40a0b251c4d94df75ecc959e5ffcc99ac",
    "https://esm.sh/punycode@2.3.1?target=denonext": "5b74b6114721e33c740cf6aeafd96838523b5cd9ff3ca71855726bfc8d48d7e3",
    "https://esm.sh/querystringify@2.2.0/denonext/querystringify.mjs": "9785a463d587eae6d3cf0fc1e6e5ff2af165c8d9b920f26165c2991b5ce837b2",
    "https://esm.sh/querystringify@2.2.0?target=denonext": "fa80faff4709f72422e46f24fae0ce58b44300ebcbba9d988d8fda211b0bfb69",
    "https://esm.sh/requires-port@1.0.0/denonext/requires-port.mjs": "4ed7f15c2a35d1e8b529c758202a7837ab4a4f92c984c2f34ec40d81aa259190",
    "https://esm.sh/requires-port@1.0.0?target=denonext": "d75e802ef14a2ff2956831bd0740889ded22458abcc066aaddb751ec2c9b7444",
    "https://esm.sh/rrweb-cssom@0.6.0/denonext/rrweb-cssom.mjs": "1267bc18c072469d3e403224acfaf6bbc4334eef2b2b02e8f46e662b85cab132",
    "https://esm.sh/rrweb-cssom@0.6.0?target=denonext": "3b66555fc8a4b67b5151f7d6235c5abe79423162671e40a7720c978e20c87d82",
    "https://esm.sh/safer-buffer@2.1.2/denonext/safer-buffer.mjs": "63b601ca3ed03a32349ca04538ac898f2c520dbc6b554246d11c482c31e8a6b8",
    "https://esm.sh/safer-buffer@2.1.2?target=denonext": "381ed15e73b07affd71d58c070213d027e4b8951c381f44e5f80589d3ea9957b",
    "https://esm.sh/saxes@6.0.0/denonext/saxes.mjs": "a1160d1240a848f68ad3e280147d0c2b4ef2a9f39e4c70142ff40512c2a6d128",
    "https://esm.sh/saxes@6.0.0?target=denonext": "49b388620601a8d5fbc00c614d8bb3bf2a59dfdf70df20e67e6dbf51067707ef",
    "https://esm.sh/simple-concat@1.0.1/denonext/simple-concat.mjs": "6d1c0ffa6f03a46c675f2e470c1bbd83e967ed1600c7b16c97791c26d3d1a972",
    "https://esm.sh/simple-concat@1.0.1?target=denonext": "be838922169d474627b49ffa4441bb967f0a8a8d8822dfe6d55691b58f3ec158",
    "https://esm.sh/simple-get@3.1.1/denonext/simple-get.mjs": "641bf328d8afa2afdd41d029d93233004d13ab7b85516a5342bd702914f699e6",
    "https://esm.sh/simple-get@3.1.1?target=denonext": "2c9dd2b95f4a208f5dccbf7bb9a652f43a66ee3316fe3deafc026d0b6b2286ca",
    "https://esm.sh/supports-color@10.2.2/denonext/supports-color.mjs": "a263c0229c209e3fed166348cd02e96f08996902c9e8e7c6de4ac50c8ee2a748",
    "https://esm.sh/supports-color@10.2.2?target=denonext": "f938c90ae6175cd0ec937dabb90259b115033d9dfde267b69566089f06f92d06",
    "https://esm.sh/symbol-tree@3.2.4/denonext/symbol-tree.mjs": "4b03e097480f40b035abeca19562b99968adbd551caeee93672d1a22bb5e0776",
    "https://esm.sh/symbol-tree@3.2.4?target=denonext": "22b3ce01dc83f3e9ec2a07ea3a01f56532202e91a2f7a956dc494c7f01f51a09",
    "https://esm.sh/tough-cookie@4.1.4/denonext/tough-cookie.mjs": "cd36abc2c555e010c371e025fbb597932523997229e3bc1dc53984a32fa0c826",
    "https://esm.sh/tough-cookie@4.1.4?target=denonext": "4da51612d2a9252414d64cbff6aa185c72a9ffb0fd7778d1d18b7b021bc29981",
    "https://esm.sh/tr46@5.1.1/denonext/tr46.mjs": "cdad0ad3c6087de1297ea9a9fbea3eb43fdfe19500cfcd87b4b161d9bcb27648",
    "https://esm.sh/tr46@5.1.1?target=denonext": "d2450e422fab3f7456bd2e43be411bd44a968603f49d87c0fc343179bd0bf265",
    "https://esm.sh/universalify@0.2.0/denonext/universalify.mjs": "e265e036d4cb577e667db6efc86de8da96d42a26f48da12197c8923f08852e17",
    "https://esm.sh/universalify@0.2.0?target=denonext": "2e3a12a7397b10a5041835aa7ecb0565828cd3e1629c3f2abc8b5fb154468ede",
    "https://esm.sh/url-parse@1.5.10/denonext/url-parse.mjs": "32deda7590b084ed40e10552c56abf38d46b983dfb25102c3e5a19720385557a",
    "https://esm.sh/url-parse@1.5.10?target=denonext": "b301fcd411b6aa47b9fed837cc5b7ff75c6c94c702ba138f27b39cd6062cb714",
    "https://esm.sh/utf-8-validate@6.0.5/denonext/utf-8-validate.mjs": "66b8ea532a0c745068f5b96ddb1bae332c3036703243541d2e89e66331974d98",
    "https://esm.sh/utf-8-validate@6.0.5?target=denonext": "071bc33ba1a58297e23a34d69dd589fd06df04b0f373b382ff5da544a623f271",
    "https://esm.sh/w3c-xmlserializer@5.0.0/denonext/w3c-xmlserializer.mjs": "122e3e552454f1752e443fdf80f4c8ca36109208fb05943d39fc64a5e85499de",
    "https://esm.sh/w3c-xmlserializer@5.0.0?target=denonext": "078e017f6cb607175c9246ebd38041912488fc813100625bf7502cf47dfe7c7f",
    "https://esm.sh/webidl-conversions@7.0.0/denonext/webidl-conversions.mjs": "ba51539722c56b6c41341c14ba249f7bf8acd7f132ae1b8d9c0a81cc17360abc",
    "https://esm.sh/webidl-conversions@7.0.0?target=denonext": "d4b1e1e5302669677ad8274d9c0f0ba59c50e9ab8c3215a3774f3aa206963bd5",
    "https://esm.sh/whatwg-encoding@3.1.1/denonext/whatwg-encoding.mjs": "771c409a89b301144c200fe8520bce25a72b9108068a5a57e21b76670549bccb",
    "https://esm.sh/whatwg-encoding@3.1.1?target=denonext": "0e24061fe35afd2b2c93625e4288c643837ae8d491abf572a067b55ecce45c1f",
    "https://esm.sh/whatwg-mimetype@4.0.0/denonext/whatwg-mimetype.mjs": "077315581483d77f815ed7e227ea4bf7ffdda61b211b471053c4bca423a7fd54",
    "https://esm.sh/whatwg-mimetype@4.0.0?target=denonext": "a0a0b4ee5d006be602d7e01eee5347c950d89662d502d72db5ba6daa60e92a3d",
    "https://esm.sh/whatwg-url@14.2.0/denonext/webidl2js-wrapper.mjs": "ce001f19a2ac2752221bc48c77cc3be1f05d4e2044ae1c51b6d1020c9ad5bea3",
    "https://esm.sh/whatwg-url@14.2.0/denonext/whatwg-url.mjs": "6842833804c93154dd5fe40fe8e0694b5d4bb594113f24c41a4017263bf60cbc",
    "https://esm.sh/whatwg-url@14.2.0/webidl2js-wrapper?target=denonext": "a28f35282ba1cda458d386f8b85190f54c122183cb0b0735725d6e88b85a4864",
    "https://esm.sh/whatwg-url@14.2.0?target=denonext": "600345dce237deb981499a6a34248f4db75de14fb73111b52924beff1bb9bd54",
    "https://esm.sh/wrappy@1.0.2/denonext/wrappy.mjs": "9b30fecc8c0ab8657d63ee25d8d67f22fed7ce32136e667f7da1e88cbc8b8ef4",
    "https://esm.sh/wrappy@1.0.2?target=denonext": "8320150f54fb04978cacf7cfc557e43eca3b628375e09d45e78268d8035def7f",
    "https://esm.sh/ws@8.18.3/denonext/ws.mjs": "063ab2c92e0908d060e4de414b74e941fbd1b3ccedfce35cc965703a8a3f86c1",
    "https://esm.sh/ws@8.18.3?target=denonext": "a5ca9d7990fc419fd8b8d06d0855bb64688769e6bb887ba07d36c13172f882b5",
    "https://esm.sh/xml-name-validator@5.0.0/denonext/xml-name-validator.mjs": "d6efa1d81da5e2e5dc725b5c6a7537e4d3729f4b0ba1364c8151be74d7dda168",
    "https://esm.sh/xml-name-validator@5.0.0?target=denonext": "5387f3c1042cdac99adc6c11b669da12fd30838e49ec27d63110bf8e370bdfce",
    "https://esm.sh/xmlchars@2.2.0/denonext/xml/1.0/ed5.mjs": "7e95e56afc46284fd6e3e43ec430f636d3db5a0840829b188627c160f36b1c7e",
    "https://esm.sh/xmlchars@2.2.0/denonext/xml/1.1/ed2.mjs": "bde6c65b73865ce561376fc19316dc52bdf8b0b998fb3c3bdab481d2a4d9de0a",
    "https://esm.sh/xmlchars@2.2.0/denonext/xmlns/1.0/ed3.mjs": "ab12a41555aa2468e6f8f42649ae209163e9ab835ca05817cb4f95bac8699ce9",
    "https://esm.sh/xmlchars@2.2.0/xml/1.0/ed5?target=denonext": "b1ca831e2cf0954307ebded209a1657cb27223f2a1fd0b347ffcb4e566e997ad",
    "https://esm.sh/xmlchars@2.2.0/xml/1.1/ed2?target=denonext": "005781985db506e433617587305e4176c3f3333ac4bb8b0db2a953f0e14bf71c",
    "https://esm.sh/xmlchars@2.2.0/xmlns/1.0/ed3?target=denonext": "be6502edd92b286ab2a25e3f5db439700ff79daa964aa3d6e4a0c109af35dd36"
  },
  "workspace": {
    "dependencies": [
      "jsr:@b-fuze/deno-dom@*"
    ]
  }
}
